<?xml version="1.0" encoding="utf-8"?>
<Project ToolsVersion="4.0" xmlns="http://schemas.microsoft.com/developer/msbuild/2003">
  <ItemGroup>
    <Filter Include="src">
      <UniqueIdentifier>{d73e3923-0421-42ac-aff3-b2cb50576ed9}</UniqueIdentifier>
    </Filter>
    <Filter Include="src\com">
      <UniqueIdentifier>{f5481d59-735d-4dd1-94d6-2ddd56591c13}</UniqueIdentifier>
    </Filter>
    <Filter Include="src\windows">
      <UniqueIdentifier>{18ce52bd-d337-45d3-9691-ed96dd1b733e}</UniqueIdentifier>
    </Filter>
    <Filter Include="src\com\audio">
      <UniqueIdentifier>{91be540c-e942-4af0-8a1e-5d4ae29b6152}</UniqueIdentifier>
    </Filter>
    <Filter Include="src\windows\process">
      <UniqueIdentifier>{bd3caa84-eea8-4596-a1cc-1c87390de3ef}</UniqueIdentifier>
    </Filter>
    <Filter Include="src\windows\event">
      <UniqueIdentifier>{96f18f38-b719-4f6f-bdff-8ae4f811a14e}</UniqueIdentifier>
    </Filter>
    <Filter Include="src\json">
      <UniqueIdentifier>{ba1b2679-fb96-4590-a77e-8e5bd9b03631}</UniqueIdentifier>
    </Filter>
  </ItemGroup>
  <ItemGroup>
    <ClCompile Include="src\com\audio\audio_manager.cpp">
      <Filter>src\com\audio</Filter>
    </ClCompile>
    <ClCompile Include="src\com\audio\mm_notification_client.cpp">
      <Filter>src\com\audio</Filter>
    </ClCompile>
    <ClCompile Include="src\com\audio\audio_session_events.cpp">
      <Filter>src\com\audio</Filter>
    </ClCompile>
    <ClCompile Include="src\com\audio\audio_session_notification.cpp">
      <Filter>src\com\audio</Filter>
    </ClCompile>
    <ClCompile Include="preset_controller.cpp">
      <Filter>src\json</Filter>
    </ClCompile>
  </ItemGroup>
  <ItemGroup>
    <ClInclude Include="src\com\com_initializer.h">
      <Filter>src\com</Filter>
    </ClInclude>
    <ClInclude Include="src\com\audio\audio_manager.h">
      <Filter>src\com\audio</Filter>
    </ClInclude>
    <ClInclude Include="src\com\audio\mm_notification_client.h">
      <Filter>src\com\audio</Filter>
    </ClInclude>
    <ClInclude Include="src\com\audio\audio_session_events.h">
      <Filter>src\com\audio</Filter>
    </ClInclude>
    <ClInclude Include="src\com\audio\audio_session_notification.h">
      <Filter>src\com\audio</Filter>
    </ClInclude>
    <ClInclude Include="resource.h" />
    <ClInclude Include="src\com\audio.h">
      <Filter>src\com</Filter>
    </ClInclude>
    <ClInclude Include="src\com.h">
      <Filter>src</Filter>
    </ClInclude>
    <ClInclude Include="src\com\com_result.h">
      <Filter>src\com</Filter>
    </ClInclude>
    <ClInclude Include="src\json\preset_controller.h">
      <Filter>src\json</Filter>
    </ClInclude>
  </ItemGroup>
  <ItemGroup>
    <ResourceCompile Include="Engine.rc" />
  </ItemGroup>
</Project>